// !$*UTF8*$!
{
	archiveVersion = 1;
	classes = {
	};
	objectVersion = 56;
	objects = {

/* Begin PBXBuildFile section */
		C23BD8F12A279C1F0045C11C /* AppDelegate.swift in Sources */ = {isa = PBXBuildFile; fileRef = C23BD8F02A279C1F0045C11C /* AppDelegate.swift */; };
		C23BD8F32A279C1F0045C11C /* SceneDelegate.swift in Sources */ = {isa = PBXBuildFile; fileRef = C23BD8F22A279C1F0045C11C /* SceneDelegate.swift */; };
		C23BD8F52A279C1F0045C11C /* ViewController.swift in Sources */ = {isa = PBXBuildFile; fileRef = C23BD8F42A279C1F0045C11C /* ViewController.swift */; };
		C23BD8F82A279C1F0045C11C /* Main.storyboard in Resources */ = {isa = PBXBuildFile; fileRef = C23BD8F62A279C1F0045C11C /* Main.storyboard */; };
		C23BD8FA2A279C200045C11C /* Assets.xcassets in Resources */ = {isa = PBXBuildFile; fileRef = C23BD8F92A279C200045C11C /* Assets.xcassets */; };
		C23BD8FD2A279C200045C11C /* LaunchScreen.storyboard in Resources */ = {isa = PBXBuildFile; fileRef = C23BD8FB2A279C200045C11C /* LaunchScreen.storyboard */; };
		C23BD9082A279C200045C11C /* IOS_Excersice1Tests.swift in Sources */ = {isa = PBXBuildFile; fileRef = C23BD9072A279C200045C11C /* IOS_Excersice1Tests.swift */; };
		C23BD9122A279C200045C11C /* IOS_Excersice1UITests.swift in Sources */ = {isa = PBXBuildFile; fileRef = C23BD9112A279C200045C11C /* IOS_Excersice1UITests.swift */; };
		C23BD9142A279C200045C11C /* IOS_Excersice1UITestsLaunchTests.swift in Sources */ = {isa = PBXBuildFile; fileRef = C23BD9132A279C200045C11C /* IOS_Excersice1UITestsLaunchTests.swift */; };
		C23BD9222A27DE310045C11C /* CoreLocation.framework in Frameworks */ = {isa = PBXBuildFile; fileRef = C23BD9212A27DE310045C11C /* CoreLocation.framework */; };
		C23BD9262A27E4FE0045C11C /* right.png in Resources */ = {isa = PBXBuildFile; fileRef = C23BD9242A27E4FE0045C11C /* right.png */; };
		C23BD9272A27E4FE0045C11C /* left.png in Resources */ = {isa = PBXBuildFile; fileRef = C23BD9252A27E4FE0045C11C /* left.png */; };
		C23BD9292A27F0CA0045C11C /* GameViewController.swift in Sources */ = {isa = PBXBuildFile; fileRef = C23BD9282A27F0CA0045C11C /* GameViewController.swift */; };
		C2EE50322A2B405500950A0F /* FinishViewController.swift in Sources */ = {isa = PBXBuildFile; fileRef = C2EE50312A2B405500950A0F /* FinishViewController.swift */; };
/* End PBXBuildFile section */

/* Begin PBXContainerItemProxy section */
		C23BD9042A279C200045C11C /* PBXContainerItemProxy */ = {
			isa = PBXContainerItemProxy;
			containerPortal = C23BD8E52A279C1F0045C11C /* Project object */;
			proxyType = 1;
			remoteGlobalIDString = C23BD8EC2A279C1F0045C11C;
			remoteInfo = IOS_Excersice1;
		};
		C23BD90E2A279C200045C11C /* PBXContainerItemProxy */ = {
			isa = PBXContainerItemProxy;
			containerPortal = C23BD8E52A279C1F0045C11C /* Project object */;
			proxyType = 1;
			remoteGlobalIDString = C23BD8EC2A279C1F0045C11C;
			remoteInfo = IOS_Excersice1;
		};
/* End PBXContainerItemProxy section */

/* Begin PBXFileReference section */
		C23BD8ED2A279C1F0045C11C /* IOS_Excersice1.app */ = {isa = PBXFileReference; explicitFileType = wrapper.application; includeInIndex = 0; path = IOS_Excersice1.app; sourceTree = BUILT_PRODUCTS_DIR; };
		C23BD8F02A279C1F0045C11C /* AppDelegate.swift */ = {isa = PBXFileReference; lastKnownFileType = sourcecode.swift; path = AppDelegate.swift; sourceTree = "<group>"; };
		C23BD8F22A279C1F0045C11C /* SceneDelegate.swift */ = {isa = PBXFileReference; lastKnownFileType = sourcecode.swift; path = SceneDelegate.swift; sourceTree = "<group>"; };
		C23BD8F42A279C1F0045C11C /* ViewController.swift */ = {isa = PBXFileReference; lastKnownFileType = sourcecode.swift; path = ViewController.swift; sourceTree = "<group>"; };
		C23BD8F72A279C1F0045C11C /* Base */ = {isa = PBXFileReference; lastKnownFileType = file.storyboard; name = Base; path = Base.lproj/Main.storyboard; sourceTree = "<group>"; };
		C23BD8F92A279C200045C11C /* Assets.xcassets */ = {isa = PBXFileReference; lastKnownFileType = folder.assetcatalog; path = Assets.xcassets; sourceTree = "<group>"; };
		C23BD8FC2A279C200045C11C /* Base */ = {isa = PBXFileReference; lastKnownFileType = file.storyboard; name = Base; path = Base.lproj/LaunchScreen.storyboard; sourceTree = "<group>"; };
		C23BD8FE2A279C200045C11C /* Info.plist */ = {isa = PBXFileReference; lastKnownFileType = text.plist.xml; path = Info.plist; sourceTree = "<group>"; };
		C23BD9032A279C200045C11C /* IOS_Excersice1Tests.xctest */ = {isa = PBXFileReference; explicitFileType = wrapper.cfbundle; includeInIndex = 0; path = IOS_Excersice1Tests.xctest; sourceTree = BUILT_PRODUCTS_DIR; };
		C23BD9072A279C200045C11C /* IOS_Excersice1Tests.swift */ = {isa = PBXFileReference; lastKnownFileType = sourcecode.swift; path = IOS_Excersice1Tests.swift; sourceTree = "<group>"; };
		C23BD90D2A279C200045C11C /* IOS_Excersice1UITests.xctest */ = {isa = PBXFileReference; explicitFileType = wrapper.cfbundle; includeInIndex = 0; path = IOS_Excersice1UITests.xctest; sourceTree = BUILT_PRODUCTS_DIR; };
		C23BD9112A279C200045C11C /* IOS_Excersice1UITests.swift */ = {isa = PBXFileReference; lastKnownFileType = sourcecode.swift; path = IOS_Excersice1UITests.swift; sourceTree = "<group>"; };
		C23BD9132A279C200045C11C /* IOS_Excersice1UITestsLaunchTests.swift */ = {isa = PBXFileReference; lastKnownFileType = sourcecode.swift; path = IOS_Excersice1UITestsLaunchTests.swift; sourceTree = "<group>"; };
		C23BD9212A27DE310045C11C /* CoreLocation.framework */ = {isa = PBXFileReference; lastKnownFileType = wrapper.framework; name = CoreLocation.framework; path = System/Library/Frameworks/CoreLocation.framework; sourceTree = SDKROOT; };
		C23BD9242A27E4FE0045C11C /* right.png */ = {isa = PBXFileReference; lastKnownFileType = image.png; path = right.png; sourceTree = "<group>"; };
		C23BD9252A27E4FE0045C11C /* left.png */ = {isa = PBXFileReference; lastKnownFileType = image.png; path = left.png; sourceTree = "<group>"; };
		C23BD9282A27F0CA0045C11C /* GameViewController.swift */ = {isa = PBXFileReference; lastKnownFileType = sourcecode.swift; path = GameViewController.swift; sourceTree = "<group>"; };
		C2EE50312A2B405500950A0F /* FinishViewController.swift */ = {isa = PBXFileReference; lastKnownFileType = sourcecode.swift; path = FinishViewController.swift; sourceTree = "<group>"; };
/* End PBXFileReference section */

/* Begin PBXFrameworksBuildPhase section */
		C23BD8EA2A279C1F0045C11C /* Frameworks */ = {
			isa = PBXFrameworksBuildPhase;
			buildActionMask = 2147483647;
			files = (
				C23BD9222A27DE310045C11C /* CoreLocation.framework in Frameworks */,
			);
			runOnlyForDeploymentPostprocessing = 0;
		};
		C23BD9002A279C200045C11C /* Frameworks */ = {
			isa = PBXFrameworksBuildPhase;
			buildActionMask = 2147483647;
			files = (
			);
			runOnlyForDeploymentPostprocessing = 0;
		};
		C23BD90A2A279C200045C11C /* Frameworks */ = {
			isa = PBXFrameworksBuildPhase;
			buildActionMask = 2147483647;
			files = (
			);
			runOnlyForDeploymentPostprocessing = 0;
		};
/* End PBXFrameworksBuildPhase section */

/* Begin PBXGroup section */
		C23BD8E42A279C1F0045C11C = {
			isa = PBXGroup;
			children = (
				C23BD9232A27E3DD0045C11C /* images */,
				C23BD8EF2A279C1F0045C11C /* IOS_Excersice1 */,
				C23BD9062A279C200045C11C /* IOS_Excersice1Tests */,
				C23BD9102A279C200045C11C /* IOS_Excersice1UITests */,
				C23BD8EE2A279C1F0045C11C /* Products */,
				C23BD9202A27DE310045C11C /* Frameworks */,
			);
			sourceTree = "<group>";
		};
		C23BD8EE2A279C1F0045C11C /* Products */ = {
			isa = PBXGroup;
			children = (
				C23BD8ED2A279C1F0045C11C /* IOS_Excersice1.app */,
				C23BD9032A279C200045C11C /* IOS_Excersice1Tests.xctest */,
				C23BD90D2A279C200045C11C /* IOS_Excersice1UITests.xctest */,
			);
			name = Products;
			sourceTree = "<group>";
		};
		C23BD8EF2A279C1F0045C11C /* IOS_Excersice1 */ = {
			isa = PBXGroup;
			children = (
				C23BD8F02A279C1F0045C11C /* AppDelegate.swift */,
				C23BD8F22A279C1F0045C11C /* SceneDelegate.swift */,
				C23BD8F42A279C1F0045C11C /* ViewController.swift */,
				C23BD9282A27F0CA0045C11C /* GameViewController.swift */,
				C23BD8F62A279C1F0045C11C /* Main.storyboard */,
				C23BD8F92A279C200045C11C /* Assets.xcassets */,
				C23BD8FB2A279C200045C11C /* LaunchScreen.storyboard */,
				C23BD8FE2A279C200045C11C /* Info.plist */,
				C2EE50312A2B405500950A0F /* FinishViewController.swift */,
			);
			path = IOS_Excersice1;
			sourceTree = "<group>";
		};
		C23BD9062A279C200045C11C /* IOS_Excersice1Tests */ = {
			isa = PBXGroup;
			children = (
				C23BD9072A279C200045C11C /* IOS_Excersice1Tests.swift */,
			);
			path = IOS_Excersice1Tests;
			sourceTree = "<group>";
		};
		C23BD9102A279C200045C11C /* IOS_Excersice1UITests */ = {
			isa = PBXGroup;
			children = (
				C23BD9112A279C200045C11C /* IOS_Excersice1UITests.swift */,
				C23BD9132A279C200045C11C /* IOS_Excersice1UITestsLaunchTests.swift */,
			);
			path = IOS_Excersice1UITests;
			sourceTree = "<group>";
		};
		C23BD9202A27DE310045C11C /* Frameworks */ = {
			isa = PBXGroup;
			children = (
				C23BD9212A27DE310045C11C /* CoreLocation.framework */,
			);
			name = Frameworks;
			sourceTree = "<group>";
		};
		C23BD9232A27E3DD0045C11C /* images */ = {
			isa = PBXGroup;
			children = (
				C23BD9252A27E4FE0045C11C /* left.png */,
				C23BD9242A27E4FE0045C11C /* right.png */,
			);
			path = images;
			sourceTree = "<group>";
		};
/* End PBXGroup section */

/* Begin PBXNativeTarget section */
		C23BD8EC2A279C1F0045C11C /* IOS_Excersice1 */ = {
			isa = PBXNativeTarget;
			buildConfigurationList = C23BD9172A279C200045C11C /* Build configuration list for PBXNativeTarget "IOS_Excersice1" */;
			buildPhases = (
				C23BD8E92A279C1F0045C11C /* Sources */,
				C23BD8EA2A279C1F0045C11C /* Frameworks */,
				C23BD8EB2A279C1F0045C11C /* Resources */,
			);
			buildRules = (
			);
			dependencies = (
			);
			name = IOS_Excersice1;
			productName = IOS_Excersice1;
			productReference = C23BD8ED2A279C1F0045C11C /* IOS_Excersice1.app */;
			productType = "com.apple.product-type.application";
		};
		C23BD9022A279C200045C11C /* IOS_Excersice1Tests */ = {
			isa = PBXNativeTarget;
			buildConfigurationList = C23BD91A2A279C200045C11C /* Build configuration list for PBXNativeTarget "IOS_Excersice1Tests" */;
			buildPhases = (
				C23BD8FF2A279C200045C11C /* Sources */,
				C23BD9002A279C200045C11C /* Frameworks */,
				C23BD9012A279C200045C11C /* Resources */,
			);
			buildRules = (
			);
			dependencies = (
				C23BD9052A279C200045C11C /* PBXTargetDependency */,
			);
			name = IOS_Excersice1Tests;
			productName = IOS_Excersice1Tests;
			productReference = C23BD9032A279C200045C11C /* IOS_Excersice1Tests.xctest */;
			productType = "com.apple.product-type.bundle.unit-test";
		};
		C23BD90C2A279C200045C11C /* IOS_Excersice1UITests */ = {
			isa = PBXNativeTarget;
			buildConfigurationList = C23BD91D2A279C200045C11C /* Build configuration list for PBXNativeTarget "IOS_Excersice1UITests" */;
			buildPhases = (
				C23BD9092A279C200045C11C /* Sources */,
				C23BD90A2A279C200045C11C /* Frameworks */,
				C23BD90B2A279C200045C11C /* Resources */,
			);
			buildRules = (
			);
			dependencies = (
				C23BD90F2A279C200045C11C /* PBXTargetDependency */,
			);
			name = IOS_Excersice1UITests;
			productName = IOS_Excersice1UITests;
			productReference = C23BD90D2A279C200045C11C /* IOS_Excersice1UITests.xctest */;
			productType = "com.apple.product-type.bundle.ui-testing";
		};
/* End PBXNativeTarget section */

/* Begin PBXProject section */
		C23BD8E52A279C1F0045C11C /* Project object */ = {
			isa = PBXProject;
			attributes = {
				BuildIndependentTargetsInParallel = 1;
				LastSwiftUpdateCheck = 1430;
				LastUpgradeCheck = 1430;
				TargetAttributes = {
					C23BD8EC2A279C1F0045C11C = {
						CreatedOnToolsVersion = 14.3;
					};
					C23BD9022A279C200045C11C = {
						CreatedOnToolsVersion = 14.3;
						TestTargetID = C23BD8EC2A279C1F0045C11C;
					};
					C23BD90C2A279C200045C11C = {
						CreatedOnToolsVersion = 14.3;
						TestTargetID = C23BD8EC2A279C1F0045C11C;
					};
				};
			};
			buildConfigurationList = C23BD8E82A279C1F0045C11C /* Build configuration list for PBXProject "IOS_Excersice1" */;
			compatibilityVersion = "Xcode 14.0";
			developmentRegion = en;
			hasScannedForEncodings = 0;
			knownRegions = (
				en,
				Base,
			);
			mainGroup = C23BD8E42A279C1F0045C11C;
			productRefGroup = C23BD8EE2A279C1F0045C11C /* Products */;
			projectDirPath = "";
			projectRoot = "";
			targets = (
				C23BD8EC2A279C1F0045C11C /* IOS_Excersice1 */,
				C23BD9022A279C200045C11C /* IOS_Excersice1Tests */,
				C23BD90C2A279C200045C11C /* IOS_Excersice1UITests */,
			);
		};
/* End PBXProject section */

/* Begin PBXResourcesBuildPhase section */
		C23BD8EB2A279C1F0045C11C /* Resources */ = {
			isa = PBXResourcesBuildPhase;
			buildActionMask = 2147483647;
			files = (
				C23BD8FD2A279C200045C11C /* LaunchScreen.storyboard in Resources */,
				C23BD9272A27E4FE0045C11C /* left.png in Resources */,
				C23BD8FA2A279C200045C11C /* Assets.xcassets in Resources */,
				C23BD9262A27E4FE0045C11C /* right.png in Resources */,
				C23BD8F82A279C1F0045C11C /* Main.storyboard in Resources */,
			);
			runOnlyForDeploymentPostprocessing = 0;
		};
		C23BD9012A279C200045C11C /* Resources */ = {
			isa = PBXResourcesBuildPhase;
			buildActionMask = 2147483647;
			files = (
			);
			runOnlyForDeploymentPostprocessing = 0;
		};
		C23BD90B2A279C200045C11C /* Resources */ = {
			isa = PBXResourcesBuildPhase;
			buildActionMask = 2147483647;
			files = (
			);
			runOnlyForDeploymentPostprocessing = 0;
		};
/* End PBXResourcesBuildPhase section */

/* Begin PBXSourcesBuildPhase section */
		C23BD8E92A279C1F0045C11C /* Sources */ = {
			isa = PBXSourcesBuildPhase;
			buildActionMask = 2147483647;
			files = (
				C2EE50322A2B405500950A0F /* FinishViewController.swift in Sources */,
				C23BD9292A27F0CA0045C11C /* GameViewController.swift in Sources */,
				C23BD8F52A279C1F0045C11C /* ViewController.swift in Sources */,
				C23BD8F12A279C1F0045C11C /* AppDelegate.swift in Sources */,
				C23BD8F32A279C1F0045C11C /* SceneDelegate.swift in Sources */,
			);
			runOnlyForDeploymentPostprocessing = 0;
		};
		C23BD8FF2A279C200045C11C /* Sources */ = {
			isa = PBXSourcesBuildPhase;
			buildActionMask = 2147483647;
			files = (
				C23BD9082A279C200045C11C /* IOS_Excersice1Tests.swift in Sources */,
			);
			runOnlyForDeploymentPostprocessing = 0;
		};
		C23BD9092A279C200045C11C /* Sources */ = {
			isa = PBXSourcesBuildPhase;
			buildActionMask = 2147483647;
			files = (
				C23BD9142A279C200045C11C /* IOS_Excersice1UITestsLaunchTests.swift in Sources */,
				C23BD9122A279C200045C11C /* IOS_Excersice1UITests.swift in Sources */,
			);
			runOnlyForDeploymentPostprocessing = 0;
		};
/* End PBXSourcesBuildPhase section */

/* Begin PBXTargetDependency section */
		C23BD9052A279C200045C11C /* PBXTargetDependency */ = {
			isa = PBXTargetDependency;
			target = C23BD8EC2A279C1F0045C11C /* IOS_Excersice1 */;
			targetProxy = C23BD9042A279C200045C11C /* PBXContainerItemProxy */;
		};
		C23BD90F2A279C200045C11C /* PBXTargetDependency */ = {
			isa = PBXTargetDependency;
			target = C23BD8EC2A279C1F0045C11C /* IOS_Excersice1 */;
			targetProxy = C23BD90E2A279C200045C11C /* PBXContainerItemProxy */;
		};
/* End PBXTargetDependency section */

/* Begin PBXVariantGroup section */
		C23BD8F62A279C1F0045C11C /* Main.storyboard */ = {
			isa = PBXVariantGroup;
			children = (
				C23BD8F72A279C1F0045C11C /* Base */,
			);
			name = Main.storyboard;
			sourceTree = "<group>";
		};
		C23BD8FB2A279C200045C11C /* LaunchScreen.storyboard */ = {
			isa = PBXVariantGroup;
			children = (
				C23BD8FC2A279C200045C11C /* Base */,
			);
			name = LaunchScreen.storyboard;
			sourceTree = "<group>";
		};
/* End PBXVariantGroup section */

/* Begin XCBuildConfiguration section */
		C23BD9152A279C200045C11C /* Debug */ = {
			isa = XCBuildConfiguration;
			buildSettings = {
				ALWAYS_SEARCH_USER_PATHS = NO;
				CLANG_ANALYZER_NONNULL = YES;
				CLANG_ANALYZER_NUMBER_OBJECT_CONVERSION = YES_AGGRESSIVE;
				CLANG_CXX_LANGUAGE_STANDARD = "gnu++20";
				CLANG_ENABLE_MODULES = YES;
				CLANG_ENABLE_OBJC_ARC = YES;
				CLANG_ENABLE_OBJC_WEAK = YES;
				CLANG_WARN_BLOCK_CAPTURE_AUTORELEASING = YES;
				CLANG_WARN_BOOL_CONVERSION = YES;
				CLANG_WARN_COMMA = YES;
				CLANG_WARN_CONSTANT_CONVERSION = YES;
				CLANG_WARN_DEPRECATED_OBJC_IMPLEMENTATIONS = YES;
				CLANG_WARN_DIRECT_OBJC_ISA_USAGE = YES_ERROR;
				CLANG_WARN_DOCUMENTATION_COMMENTS = YES;
				CLANG_WARN_EMPTY_BODY = YES;
				CLANG_WARN_ENUM_CONVERSION = YES;
				CLANG_WARN_INFINITE_RECURSION = YES;
				CLANG_WARN_INT_CONVERSION = YES;
				CLANG_WARN_NON_LITERAL_NULL_CONVERSION = YES;
				CLANG_WARN_OBJC_IMPLICIT_RETAIN_SELF = YES;
				CLANG_WARN_OBJC_LITERAL_CONVERSION = YES;
				CLANG_WARN_OBJC_ROOT_CLASS = YES_ERROR;
				CLANG_WARN_QUOTED_INCLUDE_IN_FRAMEWORK_HEADER = YES;
				CLANG_WARN_RANGE_LOOP_ANALYSIS = YES;
				CLANG_WARN_STRICT_PROTOTYPES = YES;
				CLANG_WARN_SUSPICIOUS_MOVE = YES;
				CLANG_WARN_UNGUARDED_AVAILABILITY = YES_AGGRESSIVE;
				CLANG_WARN_UNREACHABLE_CODE = YES;
				CLANG_WARN__DUPLICATE_METHOD_MATCH = YES;
				COPY_PHASE_STRIP = NO;
				DEBUG_INFORMATION_FORMAT = dwarf;
				ENABLE_STRICT_OBJC_MSGSEND = YES;
				ENABLE_TESTABILITY = YES;
				GCC_C_LANGUAGE_STANDARD = gnu11;
				GCC_DYNAMIC_NO_PIC = NO;
				GCC_NO_COMMON_BLOCKS = YES;
				GCC_OPTIMIZATION_LEVEL = 0;
				GCC_PREPROCESSOR_DEFINITIONS = (
					"DEBUG=1",
					"$(inherited)",
				);
				GCC_WARN_64_TO_32_BIT_CONVERSION = YES;
				GCC_WARN_ABOUT_RETURN_TYPE = YES_ERROR;
				GCC_WARN_UNDECLARED_SELECTOR = YES;
				GCC_WARN_UNINITIALIZED_AUTOS = YES_AGGRESSIVE;
				GCC_WARN_UNUSED_FUNCTION = YES;
				GCC_WARN_UNUSED_VARIABLE = YES;
				IPHONEOS_DEPLOYMENT_TARGET = 16.4;
				MTL_ENABLE_DEBUG_INFO = INCLUDE_SOURCE;
				MTL_FAST_MATH = YES;
				ONLY_ACTIVE_ARCH = YES;
				SDKROOT = iphoneos;
				SWIFT_ACTIVE_COMPILATION_CONDITIONS = DEBUG;
				SWIFT_OPTIMIZATION_LEVEL = "-Onone";
			};
			name = Debug;
		};
		C23BD9162A279C200045C11C /* Release */ = {
			isa = XCBuildConfiguration;
			buildSettings = {
				ALWAYS_SEARCH_USER_PATHS = NO;
				CLANG_ANALYZER_NONNULL = YES;
				CLANG_ANALYZER_NUMBER_OBJECT_CONVERSION = YES_AGGRESSIVE;
				CLANG_CXX_LANGUAGE_STANDARD = "gnu++20";
				CLANG_ENABLE_MODULES = YES;
				CLANG_ENABLE_OBJC_ARC = YES;
				CLANG_ENABLE_OBJC_WEAK = YES;
				CLANG_WARN_BLOCK_CAPTURE_AUTORELEASING = YES;
				CLANG_WARN_BOOL_CONVERSION = YES;
				CLANG_WARN_COMMA = YES;
				CLANG_WARN_CONSTANT_CONVERSION = YES;
				CLANG_WARN_DEPRECATED_OBJC_IMPLEMENTATIONS = YES;
				CLANG_WARN_DIRECT_OBJC_ISA_USAGE = YES_ERROR;
				CLANG_WARN_DOCUMENTATION_COMMENTS = YES;
				CLANG_WARN_EMPTY_BODY = YES;
				CLANG_WARN_ENUM_CONVERSION = YES;
				CLANG_WARN_INFINITE_RECURSION = YES;
				CLANG_WARN_INT_CONVERSION = YES;
				CLANG_WARN_NON_LITERAL_NULL_CONVERSION = YES;
				CLANG_WARN_OBJC_IMPLICIT_RETAIN_SELF = YES;
				CLANG_WARN_OBJC_LITERAL_CONVERSION = YES;
				CLANG_WARN_OBJC_ROOT_CLASS = YES_ERROR;
				CLANG_WARN_QUOTED_INCLUDE_IN_FRAMEWORK_HEADER = YES;
				CLANG_WARN_RANGE_LOOP_ANALYSIS = YES;
				CLANG_WARN_STRICT_PROTOTYPES = YES;
				CLANG_WARN_SUSPICIOUS_MOVE = YES;
				CLANG_WARN_UNGUARDED_AVAILABILITY = YES_AGGRESSIVE;
				CLANG_WARN_UNREACHABLE_CODE = YES;
				CLANG_WARN__DUPLICATE_METHOD_MATCH = YES;
				COPY_PHASE_STRIP = NO;
				DEBUG_INFORMATION_FORMAT = "dwarf-with-dsym";
				ENABLE_NS_ASSERTIONS = NO;
				ENABLE_STRICT_OBJC_MSGSEND = YES;
				GCC_C_LANGUAGE_STANDARD = gnu11;
				GCC_NO_COMMON_BLOCKS = YES;
				GCC_WARN_64_TO_32_BIT_CONVERSION = YES;
				GCC_WARN_ABOUT_RETURN_TYPE = YES_ERROR;
				GCC_WARN_UNDECLARED_SELECTOR = YES;
				GCC_WARN_UNINITIALIZED_AUTOS = YES_AGGRESSIVE;
				GCC_WARN_UNUSED_FUNCTION = YES;
				GCC_WARN_UNUSED_VARIABLE = YES;
				IPHONEOS_DEPLOYMENT_TARGET = 16.4;
				MTL_ENABLE_DEBUG_INFO = NO;
				MTL_FAST_MATH = YES;
				SDKROOT = iphoneos;
				SWIFT_COMPILATION_MODE = wholemodule;
				SWIFT_OPTIMIZATION_LEVEL = "-O";
				VALIDATE_PRODUCT = YES;
			};
			name = Release;
		};
		C23BD9182A279C200045C11C /* Debug */ = {
			isa = XCBuildConfiguration;
			buildSettings = {
				ASSETCATALOG_COMPILER_APPICON_NAME = AppIcon;
				ASSETCATALOG_COMPILER_GLOBAL_ACCENT_COLOR_NAME = AccentColor;
				CODE_SIGN_STYLE = Automatic;
				CURRENT_PROJECT_VERSION = 1;
				GENERATE_INFOPLIST_FILE = YES;
				INFOPLIST_FILE = IOS_Excersice1/Info.plist;
				INFOPLIST_KEY_NSLocationWhenInUseUsageDescription = "you need to allow locations";
				INFOPLIST_KEY_UIApplicationSupportsIndirectInputEvents = YES;
				INFOPLIST_KEY_UILaunchStoryboardName = LaunchScreen;
				INFOPLIST_KEY_UIMainStoryboardFile = Main;
				INFOPLIST_KEY_UISupportedInterfaceOrientations = UIInterfaceOrientationPortrait;
				LD_RUNPATH_SEARCH_PATHS = (
					"$(inherited)",
					"@executable_path/Frameworks",
				);
				MARKETING_VERSION = 1.0;
				PRODUCT_BUNDLE_IDENTIFIER = "Vadim.IOS-Excersice1";
				PRODUCT_NAME = "$(TARGET_NAME)";
				SWIFT_EMIT_LOC_STRINGS = YES;
				SWIFT_VERSION = 5.0;
				TARGETED_DEVICE_FAMILY = "1,2";
			};
			name = Debug;
		};
		C23BD9192A279C200045C11C /* Release */ = {
			isa = XCBuildConfiguration;
			buildSettings = {
				ASSETCATALOG_COMPILER_APPICON_NAME = AppIcon;
				ASSETCATALOG_COMPILER_GLOBAL_ACCENT_COLOR_NAME = AccentColor;
				CODE_SIGN_STYLE = Automatic;
				CURRENT_PROJECT_VERSION = 1;
				GENERATE_INFOPLIST_FILE = YES;
				INFOPLIST_FILE = IOS_Excersice1/Info.plist;
				INFOPLIST_KEY_NSLocationWhenInUseUsageDescription = "you need to allow locations";
				INFOPLIST_KEY_UIApplicationSupportsIndirectInputEvents = YES;
				INFOPLIST_KEY_UILaunchStoryboardName = LaunchScreen;
				INFOPLIST_KEY_UIMainStoryboardFile = Main;
				INFOPLIST_KEY_UISupportedInterfaceOrientations = UIInterfaceOrientationPortrait;
				LD_RUNPATH_SEARCH_PATHS = (
					"$(inherited)",
					"@executable_path/Frameworks",
				);
				MARKETING_VERSION = 1.0;
				PRODUCT_BUNDLE_IDENTIFIER = "Vadim.IOS-Excersice1";
				PRODUCT_NAME = "$(TARGET_NAME)";
				SWIFT_EMIT_LOC_STRINGS = YES;
				SWIFT_VERSION = 5.0;
				TARGETED_DEVICE_FAMILY = "1,2";
			};
			name = Release;
		};
		C23BD91B2A279C200045C11C /* Debug */ = {
			isa = XCBuildConfiguration;
			buildSettings = {
				ALWAYS_EMBED_SWIFT_STANDARD_LIBRARIES = YES;
				BUNDLE_LOADER = "$(TEST_HOST)";
				CODE_SIGN_STYLE = Automatic;
				CURRENT_PROJECT_VERSION = 1;
				GENERATE_INFOPLIST_FILE = YES;
				IPHONEOS_DEPLOYMENT_TARGET = 16.4;
				MARKETING_VERSION = 1.0;
				PRODUCT_BUNDLE_IDENTIFIER = "Vadim.IOS-Excersice1Tests";
				PRODUCT_NAME = "$(TARGET_NAME)";
				SWIFT_EMIT_LOC_STRINGS = NO;
				SWIFT_VERSION = 5.0;
				TARGETED_DEVICE_FAMILY = "1,2";
				TEST_HOST = "$(BUILT_PRODUCTS_DIR)/IOS_Excersice1.app/$(BUNDLE_EXECUTABLE_FOLDER_PATH)/IOS_Excersice1";
			};
			name = Debug;
		};
		C23BD91C2A279C200045C11C /* Release */ = {
			isa = XCBuildConfiguration;
			buildSettings = {
				ALWAYS_EMBED_SWIFT_STANDARD_LIBRARIES = YES;
				BUNDLE_LOADER = "$(TEST_HOST)";
				CODE_SIGN_STYLE = Automatic;
				CURRENT_PROJECT_VERSION = 1;
				GENERATE_INFOPLIST_FILE = YES;
				IPHONEOS_DEPLOYMENT_TARGET = 16.4;
				MARKETING_VERSION = 1.0;
				PRODUCT_BUNDLE_IDENTIFIER = "Vadim.IOS-Excersice1Tests";
				PRODUCT_NAME = "$(TARGET_NAME)";
				SWIFT_EMIT_LOC_STRINGS = NO;
				SWIFT_VERSION = 5.0;
				TARGETED_DEVICE_FAMILY = "1,2";
				TEST_HOST = "$(BUILT_PRODUCTS_DIR)/IOS_Excersice1.app/$(BUNDLE_EXECUTABLE_FOLDER_PATH)/IOS_Excersice1";
			};
			name = Release;
		};
		C23BD91E2A279C200045C11C /* Debug */ = {
			isa = XCBuildConfiguration;
			buildSettings = {
				ALWAYS_EMBED_SWIFT_STANDARD_LIBRARIES = YES;
				CODE_SIGN_STYLE = Automatic;
				CURRENT_PROJECT_VERSION = 1;
				GENERATE_INFOPLIST_FILE = YES;
				MARKETING_VERSION = 1.0;
				PRODUCT_BUNDLE_IDENTIFIER = "Vadim.IOS-Excersice1UITests";
				PRODUCT_NAME = "$(TARGET_NAME)";
				SWIFT_EMIT_LOC_STRINGS = NO;
				SWIFT_VERSION = 5.0;
				TARGETED_DEVICE_FAMILY = "1,2";
				TEST_TARGET_NAME = IOS_Excersice1;
			};
			name = Debug;
		};
		C23BD91F2A279C200045C11C /* Release */ = {
			isa = XCBuildConfiguration;
			buildSettings = {
				ALWAYS_EMBED_SWIFT_STANDARD_LIBRARIES = YES;
				CODE_SIGN_STYLE = Automatic;
				CURRENT_PROJECT_VERSION = 1;
				GENERATE_INFOPLIST_FILE = YES;
				MARKETING_VERSION = 1.0;
				PRODUCT_BUNDLE_IDENTIFIER = "Vadim.IOS-Excersice1UITests";
				PRODUCT_NAME = "$(TARGET_NAME)";
				SWIFT_EMIT_LOC_STRINGS = NO;
				SWIFT_VERSION = 5.0;
				TARGETED_DEVICE_FAMILY = "1,2";
				TEST_TARGET_NAME = IOS_Excersice1;
			};
			name = Release;
		};
/* End XCBuildConfiguration section */

/* Begin XCConfigurationList section */
		C23BD8E82A279C1F0045C11C /* Build configuration list for PBXProject "IOS_Excersice1" */ = {
			isa = XCConfigurationList;
			buildConfigurations = (
				C23BD9152A279C200045C11C /* Debug */,
				C23BD9162A279C200045C11C /* Release */,
			);
			defaultConfigurationIsVisible = 0;
			defaultConfigurationName = Release;
		};
		C23BD9172A279C200045C11C /* Build configuration list for PBXNativeTarget "IOS_Excersice1" */ = {
			isa = XCConfigurationList;
			buildConfigurations = (
				C23BD9182A279C200045C11C /* Debug */,
				C23BD9192A279C200045C11C /* Release */,
			);
			defaultConfigurationIsVisible = 0;
			defaultConfigurationName = Release;
		};
		C23BD91A2A279C200045C11C /* Build configuration list for PBXNativeTarget "IOS_Excersice1Tests" */ = {
			isa = XCConfigurationList;
			buildConfigurations = (
				C23BD91B2A279C200045C11C /* Debug */,
				C23BD91C2A279C200045C11C /* Release */,
			);
			defaultConfigurationIsVisible = 0;
			defaultConfigurationName = Release;
		};
		C23BD91D2A279C200045C11C /* Build configuration list for PBXNativeTarget "IOS_Excersice1UITests" */ = {
			isa = XCConfigurationList;
			buildConfigurations = (
				C23BD91E2A279C200045C11C /* Debug */,
				C23BD91F2A279C200045C11C /* Release */,
			);
			defaultConfigurationIsVisible = 0;
			defaultConfigurationName = Release;
		};
/* End XCConfigurationList section */
	};
	rootObject = C23BD8E52A279C1F0045C11C /* Project object */;
}
